// !$*UTF8*$!
{
	archiveVersion = 1;
	classes = {
	};
	objectVersion = 77;
	objects = {

/* Begin PBXBuildFile section */
		54D07782305D173800215CA2 /* DatadogCore in Frameworks */ = {isa = PBXBuildFile; productRef = 54D07781305D173800215CA2 /* DatadogCore */; };
		54D07784305D173800215CA2 /* DatadogCrashReporting in Frameworks */ = {isa = PBXBuildFile; productRef = 54D07783305D173800215CA2 /* DatadogCrashReporting */; };
		54D07786305D173800215CA2 /* DatadogLogs in Frameworks */ = {isa = PBXBuildFile; productRef = 54D07785305D173800215CA2 /* DatadogLogs */; };
		54D07788305D173800215CA2 /* DatadogProfiling in Frameworks */ = {isa = PBXBuildFile; productRef = 54D07787305D173800215CA2 /* DatadogProfiling */; };
		54D0778A305D173800215CA2 /* DatadogRUM in Frameworks */ = {isa = PBXBuildFile; productRef = 54D07789305D173800215CA2 /* DatadogRUM */; };
/* End PBXBuildFile section */

/* Begin PBXContainerItemProxy section */
		548233CB305B0C1600415A57 /* PBXContainerItemProxy */ = {
			isa = PBXContainerItemProxy;
			containerPortal = 548233B5305B0C1400415A57 /* Project object */;
			proxyType = 1;
			remoteGlobalIDString = 548233BC305B0C1400415A57;
			remoteInfo = EcommerceTraining;
		};
		548233D5305B0C1600415A57 /* PBXContainerItemProxy */ = {
			isa = PBXContainerItemProxy;
			containerPortal = 548233B5305B0C1400415A57 /* Project object */;
			proxyType = 1;
			remoteGlobalIDString = 548233BC305B0C1400415A57;
			remoteInfo = EcommerceTraining;
		};
/* End PBXContainerItemProxy section */

/* Begin PBXFileReference section */
		548233BD305B0C1400415A57 /* EcommerceTraining.app */ = {isa = PBXFileReference; explicitFileType = wrapper.application; includeInIndex = 0; path = EcommerceTraining.app; sourceTree = BUILT_PRODUCTS_DIR; };
		548233CA305B0C1600415A57 /* EcommerceTrainingTests.xctest */ = {isa = PBXFileReference; explicitFileType = wrapper.cfbundle; includeInIndex = 0; path = EcommerceTrainingTests.xctest; sourceTree = BUILT_PRODUCTS_DIR; };
		548233D4305B0C1600415A57 /* EcommerceTrainingUITests.xctest */ = {isa = PBXFileReference; explicitFileType = wrapper.cfbundle; includeInIndex = 0; path = EcommerceTrainingUITests.xctest; sourceTree = BUILT_PRODUCTS_DIR; };
		5A0002000000000000000001 /* Secrets.xcconfig */ = {isa = PBXFileReference; lastKnownFileType = text.xcconfig; path = Secrets.xcconfig; sourceTree = "<group>"; };
		5A0002000000000000000002 /* Secrets.xcconfig.example */ = {isa = PBXFileReference; lastKnownFileType = text.xcconfig; path = Secrets.xcconfig.example; sourceTree = "<group>"; };
/* End PBXFileReference section */

/* Begin PBXFileSystemSynchronizedRootGroup section */
		548233BF305B0C1400415A57 /* EcommerceTraining */ = {
			isa = PBXFileSystemSynchronizedRootGroup;
			path = EcommerceTraining;
			sourceTree = "<group>";
		};
		548233CD305B0C1600415A57 /* EcommerceTrainingTests */ = {
			isa = PBXFileSystemSynchronizedRootGroup;
			path = EcommerceTrainingTests;
			sourceTree = "<group>";
		};
		548233D7305B0C1600415A57 /* EcommerceTrainingUITests */ = {
			isa = PBXFileSystemSynchronizedRootGroup;
			path = EcommerceTrainingUITests;
			sourceTree = "<group>";
		};
/* End PBXFileSystemSynchronizedRootGroup section */

/* Begin PBXFrameworksBuildPhase section */
		548233BA305B0C1400415A57 /* Frameworks */ = {
			isa = PBXFrameworksBuildPhase;
			buildActionMask = 2147483647;
			files = (
				54D07784305D173800215CA2 /* DatadogCrashReporting in Frameworks */,
				54D0778A305D173800215CA2 /* DatadogRUM in Frameworks */,
				54D07786305D173800215CA2 /* DatadogLogs in Frameworks */,
				54D07788305D173800215CA2 /* DatadogProfiling in Frameworks */,
				54D07782305D173800215CA2 /* DatadogCore in Frameworks */,
			);
			runOnlyForDeploymentPostprocessing = 0;
		};
		548233C7305B0C1600415A57 /* Frameworks */ = {
			isa = PBXFrameworksBuildPhase;
			buildActionMask = 2147483647;
			files = (
			);
			runOnlyForDeploymentPostprocessing = 0;
		};
		548233D1305B0C1600415A57 /* Frameworks */ = {
			isa = PBXFrameworksBuildPhase;
			buildActionMask = 2147483647;
			files = (
			);
			runOnlyForDeploymentPostprocessing = 0;
		};
/* End PBXFrameworksBuildPhase section */

/* Begin PBXGroup section */
		548233B4305B0C1400415A57 = {
			isa = PBXGroup;
			children = (
				5A0002000000000000000001 /* Secrets.xcconfig */,
				5A0002000000000000000002 /* Secrets.xcconfig.example */,
				548233BF305B0C1400415A57 /* EcommerceTraining */,
				548233CD305B0C1600415A57 /* EcommerceTrainingTests */,
				548233D7305B0C1600415A57 /* EcommerceTrainingUITests */,
				548233BE305B0C1400415A57 /* Products */,
			);
			sourceTree = "<group>";
		};
		548233BE305B0C1400415A57 /* Products */ = {
			isa = PBXGroup;
			children = (
				548233BD305B0C1400415A57 /* EcommerceTraining.app */,
				548233CA305B0C1600415A57 /* EcommerceTrainingTests.xctest */,
				548233D4305B0C1600415A57 /* EcommerceTrainingUITests.xctest */,
			);
			name = Products;
			sourceTree = "<group>";
		};
/* End PBXGroup section */

/* Begin PBXNativeTarget section */
		548233BC305B0C1400415A57 /* EcommerceTraining */ = {
			isa = PBXNativeTarget;
			buildConfigurationList = 548233DE305B0C1600415A57 /* Build configuration list for PBXNativeTarget "EcommerceTraining" */;
			buildPhases = (
				548233B9305B0C1400415A57 /* Sources */,
				548233BA305B0C1400415A57 /* Frameworks */,
				548233BB305B0C1400415A57 /* Resources */,
				5A0001000000000000000002 /* SwiftFormat */,
				5A0001000000000000000001 /* SwiftLint */,
				5A0001000000000000000003 /* Upload dSYMs to Datadog */,
			);
			buildRules = (
			);
			dependencies = (
			);
			fileSystemSynchronizedGroups = (
				548233BF305B0C1400415A57 /* EcommerceTraining */,
			);
			name = EcommerceTraining;
			packageProductDependencies = (
				54D07781305D173800215CA2 /* DatadogCore */,
				54D07783305D173800215CA2 /* DatadogCrashReporting */,
				54D07785305D173800215CA2 /* DatadogLogs */,
				54D07787305D173800215CA2 /* DatadogProfiling */,
				54D07789305D173800215CA2 /* DatadogRUM */,
			);
			productName = EcommerceTraining;
			productReference = 548233BD305B0C1400415A57 /* EcommerceTraining.app */;
			productType = "com.apple.product-type.application";
		};
		548233C9305B0C1600415A57 /* EcommerceTrainingTests */ = {
			isa = PBXNativeTarget;
			buildConfigurationList = 548233E1305B0C1600415A57 /* Build configuration list for PBXNativeTarget "EcommerceTrainingTests" */;
			buildPhases = (
				548233C6305B0C1600415A57 /* Sources */,
				548233C7305B0C1600415A57 /* Frameworks */,
				548233C8305B0C1600415A57 /* Resources */,
			);
			buildRules = (
			);
			dependencies = (
				548233CC305B0C1600415A57 /* PBXTargetDependency */,
			);
			fileSystemSynchronizedGroups = (
				548233CD305B0C1600415A57 /* EcommerceTrainingTests */,
			);
			name = EcommerceTrainingTests;
			packageProductDependencies = (
			);
			productName = EcommerceTrainingTests;
			productReference = 548233CA305B0C1600415A57 /* EcommerceTrainingTests.xctest */;
			productType = "com.apple.product-type.bundle.unit-test";
		};
		548233D3305B0C1600415A57 /* EcommerceTrainingUITests */ = {
			isa = PBXNativeTarget;
			buildConfigurationList = 548233E4305B0C1600415A57 /* Build configuration list for PBXNativeTarget "EcommerceTrainingUITests" */;
			buildPhases = (
				548233D0305B0C1600415A57 /* Sources */,
				548233D1305B0C1600415A57 /* Frameworks */,
				548233D2305B0C1600415A57 /* Resources */,
			);
			buildRules = (
			);
			dependencies = (
				548233D6305B0C1600415A57 /* PBXTargetDependency */,
			);
			fileSystemSynchronizedGroups = (
				548233D7305B0C1600415A57 /* EcommerceTrainingUITests */,
			);
			name = EcommerceTrainingUITests;
			packageProductDependencies = (
			);
			productName = EcommerceTrainingUITests;
			productReference = 548233D4305B0C1600415A57 /* EcommerceTrainingUITests.xctest */;
			productType = "com.apple.product-type.bundle.ui-testing";
		};
/* End PBXNativeTarget section */

/* Begin PBXProject section */
		548233B5305B0C1400415A57 /* Project object */ = {
			isa = PBXProject;
			attributes = {
				BuildIndependentTargetsInParallel = 1;
				LastSwiftUpdateCheck = 2640;
				LastUpgradeCheck = 2640;
				TargetAttributes = {
					548233BC305B0C1400415A57 = {
						CreatedOnToolsVersion = 26.4;
					};
					548233C9305B0C1600415A57 = {
						CreatedOnToolsVersion = 26.4;
						TestTargetID = 548233BC305B0C1400415A57;
					};
					548233D3305B0C1600415A57 = {
						CreatedOnToolsVersion = 26.4;
						TestTargetID = 548233BC305B0C1400415A57;
					};
				};
			};
			buildConfigurationList = 548233B8305B0C1400415A57 /* Build configuration list for PBXProject "EcommerceTraining" */;
			developmentRegion = en;
			hasScannedForEncodings = 0;
			knownRegions = (
				en,
				Base,
			);
			mainGroup = 548233B4305B0C1400415A57;
			minimizedProjectReferenceProxies = 1;
			packageReferences = (
				54D07780305D173800215CA2 /* XCRemoteSwiftPackageReference "dd-sdk-ios" */,
			);
			preferredProjectObjectVersion = 77;
			productRefGroup = 548233BE305B0C1400415A57 /* Products */;
			projectDirPath = "";
			projectRoot = "";
			targets = (
				548233BC305B0C1400415A57 /* EcommerceTraining */,
				548233C9305B0C1600415A57 /* EcommerceTrainingTests */,
				548233D3305B0C1600415A57 /* EcommerceTrainingUITests */,
			);
		};
/* End PBXProject section */

/* Begin PBXResourcesBuildPhase section */
		548233BB305B0C1400415A57 /* Resources */ = {
			isa = PBXResourcesBuildPhase;
			buildActionMask = 2147483647;
			files = (
			);
			runOnlyForDeploymentPostprocessing = 0;
		};
		548233C8305B0C1600415A57 /* Resources */ = {
			isa = PBXResourcesBuildPhase;
			buildActionMask = 2147483647;
			files = (
			);
			runOnlyForDeploymentPostprocessing = 0;
		};
		548233D2305B0C1600415A57 /* Resources */ = {
			isa = PBXResourcesBuildPhase;
			buildActionMask = 2147483647;
			files = (
			);
			runOnlyForDeploymentPostprocessing = 0;
		};
/* End PBXResourcesBuildPhase section */

/* Begin PBXShellScriptBuildPhase section */
		5A0001000000000000000001 /* SwiftLint */ = {
			isa = PBXShellScriptBuildPhase;
			alwaysOutOfDate = 1;
			buildActionMask = 2147483647;
			files = (
			);
			inputFileListPaths = (
			);
			inputPaths = (
			);
			name = SwiftLint;
			outputFileListPaths = (
			);
			outputPaths = (
			);
			runOnlyForDeploymentPostprocessing = 0;
			shellPath = /bin/sh;
			shellScript = "cd \"$SRCROOT\"\nexport PATH=\"$PATH:/opt/homebrew/bin:/usr/local/bin\"\nif which swiftlint > /dev/null; then\n  swiftlint\nelse\n  echo \"warning: SwiftLint not installed, run 'brew install swiftlint'\"\nfi\n";
		};
		5A0001000000000000000002 /* SwiftFormat */ = {
			isa = PBXShellScriptBuildPhase;
			alwaysOutOfDate = 1;
			buildActionMask = 2147483647;
			files = (
			);
			inputFileListPaths = (
			);
			inputPaths = (
			);
			name = SwiftFormat;
			outputFileListPaths = (
			);
			outputPaths = (
			);
			runOnlyForDeploymentPostprocessing = 0;
			shellPath = /bin/sh;
			shellScript = "cd \"$SRCROOT\"\nexport PATH=\"$PATH:/opt/homebrew/bin:/usr/local/bin\"\nif which swiftformat > /dev/null; then\n  swiftformat .\nelse\n  echo \"warning: SwiftFormat not installed, run 'brew install swiftformat'\"\nfi\n";
		};
		5A0001000000000000000003 /* Upload dSYMs to Datadog */ = {
			isa = PBXShellScriptBuildPhase;
			alwaysOutOfDate = 1;
			buildActionMask = 2147483647;
			files = (
			);
			inputFileListPaths = (
			);
			inputPaths = (
			);
			name = "Upload dSYMs to Datadog";
			outputFileListPaths = (
			);
			outputPaths = (
			);
			runOnlyForDeploymentPostprocessing = 0;
			shellPath = /bin/sh;
			shellScript = "if [ -z \"$DATADOG_API_KEY\" ]; then\n  echo \"warning: DATADOG_API_KEY not set, skipping dSYM upload. Copy Secrets.xcconfig.example to Secrets.xcconfig and fill in a real key.\"\n  exit 0\nfi\nif [ \"$CONFIGURATION\" != \"Release\" ]; then\n  echo \"note: skipping dSYM upload for non-Release configuration\"\n  exit 0\nfi\nexport DATADOG_API_KEY\nnpx --yes @datadog/datadog-ci dsyms upload \"$DWARF_DSYM_FOLDER_PATH\"\n";
		};
/* End PBXShellScriptBuildPhase section */

/* Begin PBXSourcesBuildPhase section */
		548233B9305B0C1400415A57 /* Sources */ = {
			isa = PBXSourcesBuildPhase;
			buildActionMask = 2147483647;
			files = (
			);
			runOnlyForDeploymentPostprocessing = 0;
		};
		548233C6305B0C1600415A57 /* Sources */ = {
			isa = PBXSourcesBuildPhase;
			buildActionMask = 2147483647;
			files = (
			);
			runOnlyForDeploymentPostprocessing = 0;
		};
		548233D0305B0C1600415A57 /* Sources */ = {
			isa = PBXSourcesBuildPhase;
			buildActionMask = 2147483647;
			files = (
			);
			runOnlyForDeploymentPostprocessing = 0;
		};
/* End PBXSourcesBuildPhase section */

/* Begin PBXTargetDependency section */
		548233CC305B0C1600415A57 /* PBXTargetDependency */ = {
			isa = PBXTargetDependency;
			target = 548233BC305B0C1400415A57 /* EcommerceTraining */;
			targetProxy = 548233CB305B0C1600415A57 /* PBXContainerItemProxy */;
		};
		548233D6305B0C1600415A57 /* PBXTargetDependency */ = {
			isa = PBXTargetDependency;
			target = 548233BC305B0C1400415A57 /* EcommerceTraining */;
			targetProxy = 548233D5305B0C1600415A57 /* PBXContainerItemProxy */;
		};
/* End PBXTargetDependency section */

/* Begin XCBuildConfiguration section */
		548233DC305B0C1600415A57 /* Debug */ = {
			isa = XCBuildConfiguration;
			buildSettings = {
				ALWAYS_SEARCH_USER_PATHS = NO;
				ASSETCATALOG_COMPILER_GENERATE_SWIFT_ASSET_SYMBOL_EXTENSIONS = YES;
				CLANG_ANALYZER_NONNULL = YES;
				CLANG_ANALYZER_NUMBER_OBJECT_CONVERSION = YES_AGGRESSIVE;
				CLANG_CXX_LANGUAGE_STANDARD = "gnu++20";
				CLANG_ENABLE_MODULES = YES;
				CLANG_ENABLE_OBJC_ARC = YES;
				CLANG_ENABLE_OBJC_WEAK = YES;
				CLANG_WARN_BLOCK_CAPTURE_AUTORELEASING = YES;
				CLANG_WARN_BOOL_CONVERSION = YES;
				CLANG_WARN_COMMA = YES;
				CLANG_WARN_CONSTANT_CONVERSION = YES;
				CLANG_WARN_DEPRECATED_OBJC_IMPLEMENTATIONS = YES;
				CLANG_WARN_DIRECT_OBJC_ISA_USAGE = YES_ERROR;
				CLANG_WARN_DOCUMENTATION_COMMENTS = YES;
				CLANG_WARN_EMPTY_BODY = YES;
				CLANG_WARN_ENUM_CONVERSION = YES;
				CLANG_WARN_INFINITE_RECURSION = YES;
				CLANG_WARN_INT_CONVERSION = YES;
				CLANG_WARN_NON_LITERAL_NULL_CONVERSION = YES;
				CLANG_WARN_OBJC_IMPLICIT_RETAIN_SELF = YES;
				CLANG_WARN_OBJC_LITERAL_CONVERSION = YES;
				CLANG_WARN_OBJC_ROOT_CLASS = YES_ERROR;
				CLANG_WARN_QUOTED_INCLUDE_IN_FRAMEWORK_HEADER = YES;
				CLANG_WARN_RANGE_LOOP_ANALYSIS = YES;
				CLANG_WARN_STRICT_PROTOTYPES = YES;
				CLANG_WARN_SUSPICIOUS_MOVE = YES;
				CLANG_WARN_UNGUARDED_AVAILABILITY = YES_AGGRESSIVE;
				CLANG_WARN_UNREACHABLE_CODE = YES;
				CLANG_WARN__DUPLICATE_METHOD_MATCH = YES;
				COPY_PHASE_STRIP = NO;
				DEBUG_INFORMATION_FORMAT = dwarf;
				DEVELOPMENT_TEAM = 8ZNY5HD6Q9;
				ENABLE_STRICT_OBJC_MSGSEND = YES;
				ENABLE_TESTABILITY = YES;
				ENABLE_USER_SCRIPT_SANDBOXING = YES;
				GCC_C_LANGUAGE_STANDARD = gnu17;
				GCC_DYNAMIC_NO_PIC = NO;
				GCC_NO_COMMON_BLOCKS = YES;
				GCC_OPTIMIZATION_LEVEL = 0;
				GCC_PREPROCESSOR_DEFINITIONS = (
					"DEBUG=1",
					"$(inherited)",
				);
				GCC_WARN_64_TO_32_BIT_CONVERSION = YES;
				GCC_WARN_ABOUT_RETURN_TYPE = YES_ERROR;
				GCC_WARN_UNDECLARED_SELECTOR = YES;
				GCC_WARN_UNINITIALIZED_AUTOS = YES_AGGRESSIVE;
				GCC_WARN_UNUSED_FUNCTION = YES;
				GCC_WARN_UNUSED_VARIABLE = YES;
				IPHONEOS_DEPLOYMENT_TARGET = 26.4;
				LOCALIZATION_PREFERS_STRING_CATALOGS = YES;
				MTL_ENABLE_DEBUG_INFO = INCLUDE_SOURCE;
				MTL_FAST_MATH = YES;
				ONLY_ACTIVE_ARCH = YES;
				SDKROOT = iphoneos;
				SWIFT_ACTIVE_COMPILATION_CONDITIONS = "DEBUG $(inherited)";
				SWIFT_OPTIMIZATION_LEVEL = "-Onone";
			};
			name = Debug;
		};
		548233DD305B0C1600415A57 /* Release */ = {
			isa = XCBuildConfiguration;
			buildSettings = {
				ALWAYS_SEARCH_USER_PATHS = NO;
				ASSETCATALOG_COMPILER_GENERATE_SWIFT_ASSET_SYMBOL_EXTENSIONS = YES;
				CLANG_ANALYZER_NONNULL = YES;
				CLANG_ANALYZER_NUMBER_OBJECT_CONVERSION = YES_AGGRESSIVE;
				CLANG_CXX_LANGUAGE_STANDARD = "gnu++20";
				CLANG_ENABLE_MODULES = YES;
				CLANG_ENABLE_OBJC_ARC = YES;
				CLANG_ENABLE_OBJC_WEAK = YES;
				CLANG_WARN_BLOCK_CAPTURE_AUTORELEASING = YES;
				CLANG_WARN_BOOL_CONVERSION = YES;
				CLANG_WARN_COMMA = YES;
				CLANG_WARN_CONSTANT_CONVERSION = YES;
				CLANG_WARN_DEPRECATED_OBJC_IMPLEMENTATIONS = YES;
				CLANG_WARN_DIRECT_OBJC_ISA_USAGE = YES_ERROR;
				CLANG_WARN_DOCUMENTATION_COMMENTS = YES;
				CLANG_WARN_EMPTY_BODY = YES;
				CLANG_WARN_ENUM_CONVERSION = YES;
				CLANG_WARN_INFINITE_RECURSION = YES;
				CLANG_WARN_INT_CONVERSION = YES;
				CLANG_WARN_NON_LITERAL_NULL_CONVERSION = YES;
				CLANG_WARN_OBJC_IMPLICIT_RETAIN_SELF = YES;
				CLANG_WARN_OBJC_LITERAL_CONVERSION = YES;
				CLANG_WARN_OBJC_ROOT_CLASS = YES_ERROR;
				CLANG_WARN_QUOTED_INCLUDE_IN_FRAMEWORK_HEADER = YES;
				CLANG_WARN_RANGE_LOOP_ANALYSIS = YES;
				CLANG_WARN_STRICT_PROTOTYPES = YES;
				CLANG_WARN_SUSPICIOUS_MOVE = YES;
				CLANG_WARN_UNGUARDED_AVAILABILITY = YES_AGGRESSIVE;
				CLANG_WARN_UNREACHABLE_CODE = YES;
				CLANG_WARN__DUPLICATE_METHOD_MATCH = YES;
				COPY_PHASE_STRIP = NO;
				DEBUG_INFORMATION_FORMAT = "dwarf-with-dsym";
				DEVELOPMENT_TEAM = 8ZNY5HD6Q9;
				ENABLE_NS_ASSERTIONS = NO;
				ENABLE_STRICT_OBJC_MSGSEND = YES;
				ENABLE_USER_SCRIPT_SANDBOXING = YES;
				GCC_C_LANGUAGE_STANDARD = gnu17;
				GCC_NO_COMMON_BLOCKS = YES;
				GCC_WARN_64_TO_32_BIT_CONVERSION = YES;
				GCC_WARN_ABOUT_RETURN_TYPE = YES_ERROR;
				GCC_WARN_UNDECLARED_SELECTOR = YES;
				GCC_WARN_UNINITIALIZED_AUTOS = YES_AGGRESSIVE;
				GCC_WARN_UNUSED_FUNCTION = YES;
				GCC_WARN_UNUSED_VARIABLE = YES;
				IPHONEOS_DEPLOYMENT_TARGET = 26.4;
				LOCALIZATION_PREFERS_STRING_CATALOGS = YES;
				MTL_ENABLE_DEBUG_INFO = NO;
				MTL_FAST_MATH = YES;
				SDKROOT = iphoneos;
				SWIFT_COMPILATION_MODE = wholemodule;
				VALIDATE_PRODUCT = YES;
			};
			name = Release;
		};
		548233DF305B0C1600415A57 /* Debug */ = {
			isa = XCBuildConfiguration;
			baseConfigurationReference = 5A0002000000000000000001 /* Secrets.xcconfig */;
			buildSettings = {
				ASSETCATALOG_COMPILER_APPICON_NAME = AppIcon;
				ASSETCATALOG_COMPILER_GLOBAL_ACCENT_COLOR_NAME = AccentColor;
				CODE_SIGN_STYLE = Automatic;
				CURRENT_PROJECT_VERSION = 1;
				DEVELOPMENT_TEAM = 8ZNY5HD6Q9;
				ENABLE_PREVIEWS = YES;
				ENABLE_USER_SCRIPT_SANDBOXING = NO;
				GENERATE_INFOPLIST_FILE = YES;
				INFOPLIST_KEY_UIApplicationSceneManifest_Generation = YES;
				INFOPLIST_KEY_UIApplicationSupportsIndirectInputEvents = YES;
				INFOPLIST_KEY_UILaunchScreen_Generation = YES;
				INFOPLIST_KEY_UISupportedInterfaceOrientations_iPad = "UIInterfaceOrientationPortrait UIInterfaceOrientationPortraitUpsideDown UIInterfaceOrientationLandscapeLeft UIInterfaceOrientationLandscapeRight";
				INFOPLIST_KEY_UISupportedInterfaceOrientations_iPhone = "UIInterfaceOrientationPortrait UIInterfaceOrientationLandscapeLeft UIInterfaceOrientationLandscapeRight";
				LD_RUNPATH_SEARCH_PATHS = (
					"$(inherited)",
					"@executable_path/Frameworks",
				);
				MARKETING_VERSION = 1.0;
				PRODUCT_BUNDLE_IDENTIFIER = Hesham.EcommerceTraining;
				PRODUCT_NAME = "$(TARGET_NAME)";
				STRING_CATALOG_GENERATE_SYMBOLS = YES;
				SWIFT_APPROACHABLE_CONCURRENCY = YES;
				SWIFT_DEFAULT_ACTOR_ISOLATION = MainActor;
				SWIFT_EMIT_LOC_STRINGS = YES;
				SWIFT_UPCOMING_FEATURE_MEMBER_IMPORT_VISIBILITY = YES;
				SWIFT_VERSION = 5.0;
				TARGETED_DEVICE_FAMILY = "1,2";
			};
			name = Debug;
		};
		548233E0305B0C1600415A57 /* Release */ = {
			isa = XCBuildConfiguration;
			baseConfigurationReference = 5A0002000000000000000001 /* Secrets.xcconfig */;
			buildSettings = {
				ASSETCATALOG_COMPILER_APPICON_NAME = AppIcon;
				ASSETCATALOG_COMPILER_GLOBAL_ACCENT_COLOR_NAME = AccentColor;
				CODE_SIGN_STYLE = Automatic;
				CURRENT_PROJECT_VERSION = 1;
				DEVELOPMENT_TEAM = 8ZNY5HD6Q9;
				ENABLE_PREVIEWS = YES;
				ENABLE_USER_SCRIPT_SANDBOXING = NO;
				GENERATE_INFOPLIST_FILE = YES;
				INFOPLIST_KEY_UIApplicationSceneManifest_Generation = YES;
				INFOPLIST_KEY_UIApplicationSupportsIndirectInputEvents = YES;
				INFOPLIST_KEY_UILaunchScreen_Generation = YES;
				INFOPLIST_KEY_UISupportedInterfaceOrientations_iPad = "UIInterfaceOrientationPortrait UIInterfaceOrientationPortraitUpsideDown UIInterfaceOrientationLandscapeLeft UIInterfaceOrientationLandscapeRight";
				INFOPLIST_KEY_UISupportedInterfaceOrientations_iPhone = "UIInterfaceOrientationPortrait UIInterfaceOrientationLandscapeLeft UIInterfaceOrientationLandscapeRight";
				LD_RUNPATH_SEARCH_PATHS = (
					"$(inherited)",
					"@executable_path/Frameworks",
				);
				MARKETING_VERSION = 1.0;
				PRODUCT_BUNDLE_IDENTIFIER = Hesham.EcommerceTraining;
				PRODUCT_NAME = "$(TARGET_NAME)";
				STRING_CATALOG_GENERATE_SYMBOLS = YES;
				SWIFT_APPROACHABLE_CONCURRENCY = YES;
				SWIFT_DEFAULT_ACTOR_ISOLATION = MainActor;
				SWIFT_EMIT_LOC_STRINGS = YES;
				SWIFT_UPCOMING_FEATURE_MEMBER_IMPORT_VISIBILITY = YES;
				SWIFT_VERSION = 5.0;
				TARGETED_DEVICE_FAMILY = "1,2";
			};
			name = Release;
		};
		548233E2305B0C1600415A57 /* Debug */ = {
			isa = XCBuildConfiguration;
			buildSettings = {
				BUNDLE_LOADER = "$(TEST_HOST)";
				CODE_SIGN_STYLE = Automatic;
				CURRENT_PROJECT_VERSION = 1;
				DEVELOPMENT_TEAM = 8ZNY5HD6Q9;
				GENERATE_INFOPLIST_FILE = YES;
				IPHONEOS_DEPLOYMENT_TARGET = 26.4;
				MARKETING_VERSION = 1.0;
				PRODUCT_BUNDLE_IDENTIFIER = Hesham.EcommerceTrainingTests;
				PRODUCT_NAME = "$(TARGET_NAME)";
				STRING_CATALOG_GENERATE_SYMBOLS = NO;
				SWIFT_APPROACHABLE_CONCURRENCY = YES;
				SWIFT_EMIT_LOC_STRINGS = NO;
				SWIFT_UPCOMING_FEATURE_MEMBER_IMPORT_VISIBILITY = YES;
				SWIFT_VERSION = 5.0;
				TARGETED_DEVICE_FAMILY = "1,2";
				TEST_HOST = "$(BUILT_PRODUCTS_DIR)/EcommerceTraining.app/$(BUNDLE_EXECUTABLE_FOLDER_PATH)/EcommerceTraining";
			};
			name = Debug;
		};
		548233E3305B0C1600415A57 /* Release */ = {
			isa = XCBuildConfiguration;
			buildSettings = {
				BUNDLE_LOADER = "$(TEST_HOST)";
				CODE_SIGN_STYLE = Automatic;
				CURRENT_PROJECT_VERSION = 1;
				DEVELOPMENT_TEAM = 8ZNY5HD6Q9;
				GENERATE_INFOPLIST_FILE = YES;
				IPHONEOS_DEPLOYMENT_TARGET = 26.4;
				MARKETING_VERSION = 1.0;
				PRODUCT_BUNDLE_IDENTIFIER = Hesham.EcommerceTrainingTests;
				PRODUCT_NAME = "$(TARGET_NAME)";
				STRING_CATALOG_GENERATE_SYMBOLS = NO;
				SWIFT_APPROACHABLE_CONCURRENCY = YES;
				SWIFT_EMIT_LOC_STRINGS = NO;
				SWIFT_UPCOMING_FEATURE_MEMBER_IMPORT_VISIBILITY = YES;
				SWIFT_VERSION = 5.0;
				TARGETED_DEVICE_FAMILY = "1,2";
				TEST_HOST = "$(BUILT_PRODUCTS_DIR)/EcommerceTraining.app/$(BUNDLE_EXECUTABLE_FOLDER_PATH)/EcommerceTraining";
			};
			name = Release;
		};
		548233E5305B0C1600415A57 /* Debug */ = {
			isa = XCBuildConfiguration;
			buildSettings = {
				CODE_SIGN_STYLE = Automatic;
				CURRENT_PROJECT_VERSION = 1;
				DEVELOPMENT_TEAM = 8ZNY5HD6Q9;
				GENERATE_INFOPLIST_FILE = YES;
				MARKETING_VERSION = 1.0;
				PRODUCT_BUNDLE_IDENTIFIER = Hesham.EcommerceTrainingUITests;
				PRODUCT_NAME = "$(TARGET_NAME)";
				STRING_CATALOG_GENERATE_SYMBOLS = NO;
				SWIFT_APPROACHABLE_CONCURRENCY = YES;
				SWIFT_EMIT_LOC_STRINGS = NO;
				SWIFT_UPCOMING_FEATURE_MEMBER_IMPORT_VISIBILITY = YES;
				SWIFT_VERSION = 5.0;
				TARGETED_DEVICE_FAMILY = "1,2";
				TEST_TARGET_NAME = EcommerceTraining;
			};
			name = Debug;
		};
		548233E6305B0C1600415A57 /* Release */ = {
			isa = XCBuildConfiguration;
			buildSettings = {
				CODE_SIGN_STYLE = Automatic;
				CURRENT_PROJECT_VERSION = 1;
				DEVELOPMENT_TEAM = 8ZNY5HD6Q9;
				GENERATE_INFOPLIST_FILE = YES;
				MARKETING_VERSION = 1.0;
				PRODUCT_BUNDLE_IDENTIFIER = Hesham.EcommerceTrainingUITests;
				PRODUCT_NAME = "$(TARGET_NAME)";
				STRING_CATALOG_GENERATE_SYMBOLS = NO;
				SWIFT_APPROACHABLE_CONCURRENCY = YES;
				SWIFT_EMIT_LOC_STRINGS = NO;
				SWIFT_UPCOMING_FEATURE_MEMBER_IMPORT_VISIBILITY = YES;
				SWIFT_VERSION = 5.0;
				TARGETED_DEVICE_FAMILY = "1,2";
				TEST_TARGET_NAME = EcommerceTraining;
			};
			name = Release;
		};
/* End XCBuildConfiguration section */

/* Begin XCConfigurationList section */
		548233B8305B0C1400415A57 /* Build configuration list for PBXProject "EcommerceTraining" */ = {
			isa = XCConfigurationList;
			buildConfigurations = (
				548233DC305B0C1600415A57 /* Debug */,
				548233DD305B0C1600415A57 /* Release */,
			);
			defaultConfigurationIsVisible = 0;
			defaultConfigurationName = Release;
		};
		548233DE305B0C1600415A57 /* Build configuration list for PBXNativeTarget "EcommerceTraining" */ = {
			isa = XCConfigurationList;
			buildConfigurations = (
				548233DF305B0C1600415A57 /* Debug */,
				548233E0305B0C1600415A57 /* Release */,
			);
			defaultConfigurationIsVisible = 0;
			defaultConfigurationName = Release;
		};
		548233E1305B0C1600415A57 /* Build configuration list for PBXNativeTarget "EcommerceTrainingTests" */ = {
			isa = XCConfigurationList;
			buildConfigurations = (
				548233E2305B0C1600415A57 /* Debug */,
				548233E3305B0C1600415A57 /* Release */,
			);
			defaultConfigurationIsVisible = 0;
			defaultConfigurationName = Release;
		};
		548233E4305B0C1600415A57 /* Build configuration list for PBXNativeTarget "EcommerceTrainingUITests" */ = {
			isa = XCConfigurationList;
			buildConfigurations = (
				548233E5305B0C1600415A57 /* Debug */,
				548233E6305B0C1600415A57 /* Release */,
			);
			defaultConfigurationIsVisible = 0;
			defaultConfigurationName = Release;
		};
/* End XCConfigurationList section */

/* Begin XCRemoteSwiftPackageReference section */
		54D07780305D173800215CA2 /* XCRemoteSwiftPackageReference "dd-sdk-ios" */ = {
			isa = XCRemoteSwiftPackageReference;
			repositoryURL = "https://github.com/Datadog/dd-sdk-ios.git";
			requirement = {
				kind = upToNextMajorVersion;
				minimumVersion = 3.17.0;
			};
		};
/* End XCRemoteSwiftPackageReference section */

/* Begin XCSwiftPackageProductDependency section */
		54D07781305D173800215CA2 /* DatadogCore */ = {
			isa = XCSwiftPackageProductDependency;
			package = 54D07780305D173800215CA2 /* XCRemoteSwiftPackageReference "dd-sdk-ios" */;
			productName = DatadogCore;
		};
		54D07783305D173800215CA2 /* DatadogCrashReporting */ = {
			isa = XCSwiftPackageProductDependency;
			package = 54D07780305D173800215CA2 /* XCRemoteSwiftPackageReference "dd-sdk-ios" */;
			productName = DatadogCrashReporting;
		};
		54D07785305D173800215CA2 /* DatadogLogs */ = {
			isa = XCSwiftPackageProductDependency;
			package = 54D07780305D173800215CA2 /* XCRemoteSwiftPackageReference "dd-sdk-ios" */;
			productName = DatadogLogs;
		};
		54D07787305D173800215CA2 /* DatadogProfiling */ = {
			isa = XCSwiftPackageProductDependency;
			package = 54D07780305D173800215CA2 /* XCRemoteSwiftPackageReference "dd-sdk-ios" */;
			productName = DatadogProfiling;
		};
		54D07789305D173800215CA2 /* DatadogRUM */ = {
			isa = XCSwiftPackageProductDependency;
			package = 54D07780305D173800215CA2 /* XCRemoteSwiftPackageReference "dd-sdk-ios" */;
			productName = DatadogRUM;
		};
/* End XCSwiftPackageProductDependency section */
	};
	rootObject = 548233B5305B0C1400415A57 /* Project object */;
}
